
Microsoft Visual Studio Solution File, Format Version 12.00
# Visual Studio Version 17
VisualStudioVersion = 17.12.35527.113 d17.12
MinimumVisualStudioVersion = 10.0.40219.1
Project("{FAE04EC0-301F-11D3-BF4B-00C04F79EFBC}") = "CMS.DATA", "CMS.DATA\CMS.DATA.csproj", "{77467F54-A4AA-4416-BE18-CDB4840D7CAC}"
EndProject
Project("{FAE04EC0-301F-11D3-BF4B-00C04F79EFBC}") = "CMS.Backend", "CMS.Backend\CMS.Backend.csproj", "{8FB22ADE-DB9B-41F4-9F02-D6A9DE9BD794}"
EndProject
Global
	GlobalSection(SolutionConfigurationPlatforms) = preSolution
		Debug|Any CPU = Debug|Any CPU
		Release|Any CPU = Release|Any CPU
	EndGlobalSection
	GlobalSection(ProjectConfigurationPlatforms) = postSolution
		{77467F54-A4AA-4416-BE18-CDB4840D7CAC}.Debug|Any CPU.ActiveCfg = Debug|Any CPU
		{77467F54-A4AA-4416-BE18-CDB4840D7CAC}.Debug|Any CPU.Build.0 = Debug|Any CPU
		{77467F54-A4AA-4416-BE18-CDB4840D7CAC}.Release|Any CPU.ActiveCfg = Release|Any CPU
		{77467F54-A4AA-4416-BE18-CDB4840D7CAC}.Release|Any CPU.Build.0 = Release|Any CPU
		{8FB22ADE-DB9B-41F4-9F02-D6A9DE9BD794}.Debug|Any CPU.ActiveCfg = Debug|Any CPU
		{8FB22ADE-DB9B-41F4-9F02-D6A9DE9BD794}.Debug|Any CPU.Build.0 = Debug|Any CPU
		{8FB22ADE-DB9B-41F4-9F02-D6A9DE9BD794}.Release|Any CPU.ActiveCfg = Release|Any CPU
		{8FB22ADE-DB9B-41F4-9F02-D6A9DE9BD794}.Release|Any CPU.Build.0 = Release|Any CPU
	EndGlobalSection
	GlobalSection(SolutionProperties) = preSolution
		HideSolutionNode = FALSE
	EndGlobalSection
EndGlobal
